
Microsoft Visual Studio Solution File, Format Version 12.00
# Visual Studio Version 17
VisualStudioVersion = 17.1.32421.90
MinimumVisualStudioVersion = 10.0.40219.1
Project("{FAE04EC0-301F-11D3-BF4B-00C04F79EFBC}") = "bibliotecaApi", "bibliotecaApi\bibliotecaApi.csproj", "{B68AEA63-F468-42EA-879C-B3DE7F3FAFEA}"
EndProject
Global
	GlobalSection(SolutionConfigurationPlatforms) = preSolution
		Debug|Any CPU = Debug|Any CPU
		Release|Any CPU = Release|Any CPU
	EndGlobalSection
	GlobalSection(ProjectConfigurationPlatforms) = postSolution
		{B68AEA63-F468-42EA-879C-B3DE7F3FAFEA}.Debug|Any CPU.ActiveCfg = Debug|Any CPU
		{B68AEA63-F468-42EA-879C-B3DE7F3FAFEA}.Debug|Any CPU.Build.0 = Debug|Any CPU
		{B68AEA63-F468-42EA-879C-B3DE7F3FAFEA}.Release|Any CPU.ActiveCfg = Release|Any CPU
		{B68AEA63-F468-42EA-879C-B3DE7F3FAFEA}.Release|Any CPU.Build.0 = Release|Any CPU
	EndGlobalSection
	GlobalSection(SolutionProperties) = preSolution
		HideSolutionNode = FALSE
	EndGlobalSection
	GlobalSection(ExtensibilityGlobals) = postSolution
		SolutionGuid = {A7281F9B-9185-400E-8940-6D12E1E44970}
	EndGlobalSection
EndGlobal
